schema: '2.0'
stages:
  train:
    cmd: python train.py
    deps:
    - path: common.py
      hash: md5
      md5: 9c47e50d2fc12ffea926688363f8d334
      size: 982
    - path: train.py
      hash: md5
      md5: 078e525b948ec96a9a84ed88fcdc2d2d
      size: 4927
    outs:
    - path: models/movies_review_classifier.pkl
      hash: md5
      md5: c8213204bc990cba15c4a39064dbdca7
      size: 40914
    - path: models/tfidf_vectorizer.pkl
      hash: md5
      md5: 17ed912852e80b7611a36b19f643c909
      size: 1414108
